// !$*UTF8*$!
{
	archiveVersion = 1;
	classes = {
	};
	objectVersion = 46;
	objects = {

/* Begin PBXBuildFile section */
		D2408E251E76A4AF0075E353 /* GameRules.swift in Sources */ = {isa = PBXBuildFile; fileRef = D2408E241E76A4AF0075E353 /* GameRules.swift */; };
		D2408E2B1E76C5580075E353 /* Assets.xcassets in Resources */ = {isa = PBXBuildFile; fileRef = D2408E2A1E76C5580075E353 /* Assets.xcassets */; };
		D2408E2D1E76C68B0075E353 /* MenuScene.sks in Resources */ = {isa = PBXBuildFile; fileRef = D2408E2C1E76C68B0075E353 /* MenuScene.sks */; };
		D2408E2F1E76C6A80075E353 /* MenuScene.swift in Sources */ = {isa = PBXBuildFile; fileRef = D2408E2E1E76C6A80075E353 /* MenuScene.swift */; };
		D26E3DFC1E717B5600FB720E /* AppDelegate.swift in Sources */ = {isa = PBXBuildFile; fileRef = D26E3DFB1E717B5600FB720E /* AppDelegate.swift */; };
		D26E3DFE1E717B5600FB720E /* GameScene.sks in Resources */ = {isa = PBXBuildFile; fileRef = D26E3DFD1E717B5600FB720E /* GameScene.sks */; };
		D26E3E001E717B5600FB720E /* Actions.sks in Resources */ = {isa = PBXBuildFile; fileRef = D26E3DFF1E717B5600FB720E /* Actions.sks */; };
		D26E3E021E717B5600FB720E /* GameScene.swift in Sources */ = {isa = PBXBuildFile; fileRef = D26E3E011E717B5600FB720E /* GameScene.swift */; };
		D26E3E041E717B5600FB720E /* GameViewController.swift in Sources */ = {isa = PBXBuildFile; fileRef = D26E3E031E717B5600FB720E /* GameViewController.swift */; };
		D26E3E071E717B5600FB720E /* Main.storyboard in Resources */ = {isa = PBXBuildFile; fileRef = D26E3E051E717B5600FB720E /* Main.storyboard */; };
		D26E3E0C1E717B5600FB720E /* LaunchScreen.storyboard in Resources */ = {isa = PBXBuildFile; fileRef = D26E3E0A1E717B5600FB720E /* LaunchScreen.storyboard */; };
		D26E3E351E718D6B00FB720E /* Card.swift in Sources */ = {isa = PBXBuildFile; fileRef = D26E3E341E718D6B00FB720E /* Card.swift */; };
		D29F34441E76CBD300513E02 /* SCButton.swift in Sources */ = {isa = PBXBuildFile; fileRef = D29F34431E76CBD300513E02 /* SCButton.swift */; };
		D2CDC3581E7966D700756EA3 /* card_draw.wav in Resources */ = {isa = PBXBuildFile; fileRef = D2CDC3561E7966D700756EA3 /* card_draw.wav */; };
		D2CDC3591E7966D700756EA3 /* card_throw.wav in Resources */ = {isa = PBXBuildFile; fileRef = D2CDC3571E7966D700756EA3 /* card_throw.wav */; };
		D2CDC35B1E7AF31800756EA3 /* EditingViewController.swift in Sources */ = {isa = PBXBuildFile; fileRef = D2CDC35A1E7AF31800756EA3 /* EditingViewController.swift */; };
		D2CFA9F81E76E49D005FA6C6 /* SettingsViewController.swift in Sources */ = {isa = PBXBuildFile; fileRef = D2CFA9F71E76E49D005FA6C6 /* SettingsViewController.swift */; };
		D2CFA9FA1E76EB9D005FA6C6 /* Settings.storyboard in Resources */ = {isa = PBXBuildFile; fileRef = D2CFA9F91E76EB9D005FA6C6 /* Settings.storyboard */; };
/* End PBXBuildFile section */

/* Begin PBXFileReference section */
		D2408E241E76A4AF0075E353 /* GameRules.swift */ = {isa = PBXFileReference; fileEncoding = 4; lastKnownFileType = sourcecode.swift; path = GameRules.swift; sourceTree = "<group>"; };
		D2408E2A1E76C5580075E353 /* Assets.xcassets */ = {isa = PBXFileReference; lastKnownFileType = folder.assetcatalog; path = Assets.xcassets; sourceTree = "<group>"; };
		D2408E2C1E76C68B0075E353 /* MenuScene.sks */ = {isa = PBXFileReference; lastKnownFileType = file.sks; path = MenuScene.sks; sourceTree = "<group>"; };
		D2408E2E1E76C6A80075E353 /* MenuScene.swift */ = {isa = PBXFileReference; fileEncoding = 4; lastKnownFileType = sourcecode.swift; path = MenuScene.swift; sourceTree = "<group>"; };
		D26E3DF81E717B5600FB720E /* KingsCup.app */ = {isa = PBXFileReference; explicitFileType = wrapper.application; includeInIndex = 0; path = KingsCup.app; sourceTree = BUILT_PRODUCTS_DIR; };
		D26E3DFB1E717B5600FB720E /* AppDelegate.swift */ = {isa = PBXFileReference; lastKnownFileType = sourcecode.swift; path = AppDelegate.swift; sourceTree = "<group>"; };
		D26E3DFD1E717B5600FB720E /* GameScene.sks */ = {isa = PBXFileReference; lastKnownFileType = file.sks; path = GameScene.sks; sourceTree = "<group>"; };
		D26E3DFF1E717B5600FB720E /* Actions.sks */ = {isa = PBXFileReference; lastKnownFileType = file.sks; path = Actions.sks; sourceTree = "<group>"; };
		D26E3E011E717B5600FB720E /* GameScene.swift */ = {isa = PBXFileReference; lastKnownFileType = sourcecode.swift; path = GameScene.swift; sourceTree = "<group>"; };
		D26E3E031E717B5600FB720E /* GameViewController.swift */ = {isa = PBXFileReference; lastKnownFileType = sourcecode.swift; path = GameViewController.swift; sourceTree = "<group>"; };
		D26E3E061E717B5600FB720E /* Base */ = {isa = PBXFileReference; lastKnownFileType = file.storyboard; name = Base; path = Base.lproj/Main.storyboard; sourceTree = "<group>"; };
		D26E3E0B1E717B5600FB720E /* Base */ = {isa = PBXFileReference; lastKnownFileType = file.storyboard; name = Base; path = Base.lproj/LaunchScreen.storyboard; sourceTree = "<group>"; };
		D26E3E0D1E717B5600FB720E /* Info.plist */ = {isa = PBXFileReference; lastKnownFileType = text.plist.xml; path = Info.plist; sourceTree = "<group>"; };
		D26E3E341E718D6B00FB720E /* Card.swift */ = {isa = PBXFileReference; fileEncoding = 4; lastKnownFileType = sourcecode.swift; path = Card.swift; sourceTree = "<group>"; };
		D29F34431E76CBD300513E02 /* SCButton.swift */ = {isa = PBXFileReference; fileEncoding = 4; lastKnownFileType = sourcecode.swift; path = SCButton.swift; sourceTree = "<group>"; };
		D2CDC3561E7966D700756EA3 /* card_draw.wav */ = {isa = PBXFileReference; lastKnownFileType = audio.wav; name = card_draw.wav; path = ../../../../Downloads/cockatrice/card_draw.wav; sourceTree = "<group>"; };
		D2CDC3571E7966D700756EA3 /* card_throw.wav */ = {isa = PBXFileReference; lastKnownFileType = audio.wav; name = card_throw.wav; path = ../../../../Downloads/cockatrice/card_throw.wav; sourceTree = "<group>"; };
		D2CDC35A1E7AF31800756EA3 /* EditingViewController.swift */ = {isa = PBXFileReference; fileEncoding = 4; lastKnownFileType = sourcecode.swift; path = EditingViewController.swift; sourceTree = "<group>"; };
		D2CFA9F71E76E49D005FA6C6 /* SettingsViewController.swift */ = {isa = PBXFileReference; fileEncoding = 4; lastKnownFileType = sourcecode.swift; path = SettingsViewController.swift; sourceTree = "<group>"; };
		D2CFA9F91E76EB9D005FA6C6 /* Settings.storyboard */ = {isa = PBXFileReference; fileEncoding = 4; lastKnownFileType = file.storyboard; path = Settings.storyboard; sourceTree = "<group>"; };
/* End PBXFileReference section */

/* Begin PBXFrameworksBuildPhase section */
		D26E3DF51E717B5600FB720E /* Frameworks */ = {
			isa = PBXFrameworksBuildPhase;
			buildActionMask = 2147483647;
			files = (
			);
			runOnlyForDeploymentPostprocessing = 0;
		};
/* End PBXFrameworksBuildPhase section */

/* Begin PBXGroup section */
		D23E73DD1E7B0A2600596977 /* View Controllers */ = {
			isa = PBXGroup;
			children = (
				D26E3E031E717B5600FB720E /* GameViewController.swift */,
				D2CFA9F71E76E49D005FA6C6 /* SettingsViewController.swift */,
				D2CDC35A1E7AF31800756EA3 /* EditingViewController.swift */,
			);
			name = "View Controllers";
			sourceTree = "<group>";
		};
		D23E73DE1E7B0A3500596977 /* SKScenes */ = {
			isa = PBXGroup;
			children = (
				D26E3DFD1E717B5600FB720E /* GameScene.sks */,
				D2408E2C1E76C68B0075E353 /* MenuScene.sks */,
				D26E3DFF1E717B5600FB720E /* Actions.sks */,
			);
			name = SKScenes;
			sourceTree = "<group>";
		};
		D26E3DEF1E717B5600FB720E = {
			isa = PBXGroup;
			children = (
				D26E3DFA1E717B5600FB720E /* KingsCup */,
				D26E3DF91E717B5600FB720E /* Products */,
			);
			sourceTree = "<group>";
		};
		D26E3DF91E717B5600FB720E /* Products */ = {
			isa = PBXGroup;
			children = (
				D26E3DF81E717B5600FB720E /* KingsCup.app */,
			);
			name = Products;
			sourceTree = "<group>";
		};
		D26E3DFA1E717B5600FB720E /* KingsCup */ = {
			isa = PBXGroup;
			children = (
				D23E73DE1E7B0A3500596977 /* SKScenes */,
				D23E73DD1E7B0A2600596977 /* View Controllers */,
				D2CDC3551E7966C500756EA3 /* Sounds */,
				D26E3DFB1E717B5600FB720E /* AppDelegate.swift */,
				D29F34431E76CBD300513E02 /* SCButton.swift */,
				D26E3E341E718D6B00FB720E /* Card.swift */,
				D2408E241E76A4AF0075E353 /* GameRules.swift */,
				D26E3E011E717B5600FB720E /* GameScene.swift */,
				D2408E2E1E76C6A80075E353 /* MenuScene.swift */,
				D26E3E051E717B5600FB720E /* Main.storyboard */,
				D2CFA9F91E76EB9D005FA6C6 /* Settings.storyboard */,
				D26E3E0A1E717B5600FB720E /* LaunchScreen.storyboard */,
				D26E3E0D1E717B5600FB720E /* Info.plist */,
				D2408E2A1E76C5580075E353 /* Assets.xcassets */,
			);
			path = KingsCup;
			sourceTree = "<group>";
		};
		D2CDC3551E7966C500756EA3 /* Sounds */ = {
			isa = PBXGroup;
			children = (
				D2CDC3561E7966D700756EA3 /* card_draw.wav */,
				D2CDC3571E7966D700756EA3 /* card_throw.wav */,
			);
			name = Sounds;
			sourceTree = "<group>";
		};
/* End PBXGroup section */

/* Begin PBXNativeTarget section */
		D26E3DF71E717B5600FB720E /* KingsCup */ = {
			isa = PBXNativeTarget;
			buildConfigurationList = D26E3E101E717B5600FB720E /* Build configuration list for PBXNativeTarget "KingsCup" */;
			buildPhases = (
				D26E3DF41E717B5600FB720E /* Sources */,
				D26E3DF51E717B5600FB720E /* Frameworks */,
				D26E3DF61E717B5600FB720E /* Resources */,
			);
			buildRules = (
			);
			dependencies = (
			);
			name = KingsCup;
			productName = KingsCup;
			productReference = D26E3DF81E717B5600FB720E /* KingsCup.app */;
			productType = "com.apple.product-type.application";
		};
/* End PBXNativeTarget section */

/* Begin PBXProject section */
		D26E3DF01E717B5600FB720E /* Project object */ = {
			isa = PBXProject;
			attributes = {
				LastSwiftUpdateCheck = 0820;
				LastUpgradeCheck = 0820;
				ORGANIZATIONNAME = "Scott Crocker";
				TargetAttributes = {
					D26E3DF71E717B5600FB720E = {
						CreatedOnToolsVersion = 8.2.1;
						DevelopmentTeam = 6A89Q2H25Z;
						ProvisioningStyle = Automatic;
					};
				};
			};
			buildConfigurationList = D26E3DF31E717B5600FB720E /* Build configuration list for PBXProject "KingsCup" */;
			compatibilityVersion = "Xcode 3.2";
			developmentRegion = English;
			hasScannedForEncodings = 0;
			knownRegions = (
				en,
				Base,
			);
			mainGroup = D26E3DEF1E717B5600FB720E;
			productRefGroup = D26E3DF91E717B5600FB720E /* Products */;
			projectDirPath = "";
			projectRoot = "";
			targets = (
				D26E3DF71E717B5600FB720E /* KingsCup */,
			);
		};
/* End PBXProject section */

/* Begin PBXResourcesBuildPhase section */
		D26E3DF61E717B5600FB720E /* Resources */ = {
			isa = PBXResourcesBuildPhase;
			buildActionMask = 2147483647;
			files = (
				D2CDC3581E7966D700756EA3 /* card_draw.wav in Resources */,
				D26E3E071E717B5600FB720E /* Main.storyboard in Resources */,
				D2408E2D1E76C68B0075E353 /* MenuScene.sks in Resources */,
				D26E3DFE1E717B5600FB720E /* GameScene.sks in Resources */,
				D26E3E0C1E717B5600FB720E /* LaunchScreen.storyboard in Resources */,
				D26E3E001E717B5600FB720E /* Actions.sks in Resources */,
				D2408E2B1E76C5580075E353 /* Assets.xcassets in Resources */,
				D2CFA9FA1E76EB9D005FA6C6 /* Settings.storyboard in Resources */,
				D2CDC3591E7966D700756EA3 /* card_throw.wav in Resources */,
			);
			runOnlyForDeploymentPostprocessing = 0;
		};
/* End PBXResourcesBuildPhase section */

/* Begin PBXSourcesBuildPhase section */
		D26E3DF41E717B5600FB720E /* Sources */ = {
			isa = PBXSourcesBuildPhase;
			buildActionMask = 2147483647;
			files = (
				D26E3E021E717B5600FB720E /* GameScene.swift in Sources */,
				D26E3E041E717B5600FB720E /* GameViewController.swift in Sources */,
				D2CDC35B1E7AF31800756EA3 /* EditingViewController.swift in Sources */,
				D2CFA9F81E76E49D005FA6C6 /* SettingsViewController.swift in Sources */,
				D29F34441E76CBD300513E02 /* SCButton.swift in Sources */,
				D2408E2F1E76C6A80075E353 /* MenuScene.swift in Sources */,
				D26E3DFC1E717B5600FB720E /* AppDelegate.swift in Sources */,
				D2408E251E76A4AF0075E353 /* GameRules.swift in Sources */,
				D26E3E351E718D6B00FB720E /* Card.swift in Sources */,
			);
			runOnlyForDeploymentPostprocessing = 0;
		};
/* End PBXSourcesBuildPhase section */

/* Begin PBXVariantGroup section */
		D26E3E051E717B5600FB720E /* Main.storyboard */ = {
			isa = PBXVariantGroup;
			children = (
				D26E3E061E717B5600FB720E /* Base */,
			);
			name = Main.storyboard;
			sourceTree = "<group>";
		};
		D26E3E0A1E717B5600FB720E /* LaunchScreen.storyboard */ = {
			isa = PBXVariantGroup;
			children = (
				D26E3E0B1E717B5600FB720E /* Base */,
			);
			name = LaunchScreen.storyboard;
			sourceTree = "<group>";
		};
/* End PBXVariantGroup section */

/* Begin XCBuildConfiguration section */
		D26E3E0E1E717B5600FB720E /* Debug */ = {
			isa = XCBuildConfiguration;
			buildSettings = {
				ALWAYS_SEARCH_USER_PATHS = NO;
				CLANG_ANALYZER_NONNULL = YES;
				CLANG_CXX_LANGUAGE_STANDARD = "gnu++0x";
				CLANG_CXX_LIBRARY = "libc++";
				CLANG_ENABLE_MODULES = YES;
				CLANG_ENABLE_OBJC_ARC = YES;
				CLANG_WARN_BOOL_CONVERSION = YES;
				CLANG_WARN_CONSTANT_CONVERSION = YES;
				CLANG_WARN_DIRECT_OBJC_ISA_USAGE = YES_ERROR;
				CLANG_WARN_DOCUMENTATION_COMMENTS = YES;
				CLANG_WARN_EMPTY_BODY = YES;
				CLANG_WARN_ENUM_CONVERSION = YES;
				CLANG_WARN_INFINITE_RECURSION = YES;
				CLANG_WARN_INT_CONVERSION = YES;
				CLANG_WARN_OBJC_ROOT_CLASS = YES_ERROR;
				CLANG_WARN_SUSPICIOUS_MOVE = YES;
				CLANG_WARN_UNREACHABLE_CODE = YES;
				CLANG_WARN__DUPLICATE_METHOD_MATCH = YES;
				"CODE_SIGN_IDENTITY[sdk=iphoneos*]" = "iPhone Developer";
				COPY_PHASE_STRIP = NO;
				DEBUG_ACTIVITY_MODE = "";
				"DEBUG_ACTIVITY_MODE[sdk=iphonesimulator*]" = disable;
				DEBUG_INFORMATION_FORMAT = dwarf;
				ENABLE_STRICT_OBJC_MSGSEND = YES;
				ENABLE_TESTABILITY = YES;
				GCC_C_LANGUAGE_STANDARD = gnu99;
				GCC_DYNAMIC_NO_PIC = NO;
				GCC_NO_COMMON_BLOCKS = YES;
				GCC_OPTIMIZATION_LEVEL = 0;
				GCC_PREPROCESSOR_DEFINITIONS = (
					"DEBUG=1",
					"$(inherited)",
				);
				GCC_WARN_64_TO_32_BIT_CONVERSION = YES;
				GCC_WARN_ABOUT_RETURN_TYPE = YES_ERROR;
				GCC_WARN_UNDECLARED_SELECTOR = YES;
				GCC_WARN_UNINITIALIZED_AUTOS = YES_AGGRESSIVE;
				GCC_WARN_UNUSED_FUNCTION = YES;
				GCC_WARN_UNUSED_VARIABLE = YES;
				IPHONEOS_DEPLOYMENT_TARGET = 10.2;
				MTL_ENABLE_DEBUG_INFO = YES;
				ONLY_ACTIVE_ARCH = YES;
				SDKROOT = iphoneos;
				SWIFT_ACTIVE_COMPILATION_CONDITIONS = DEBUG;
				SWIFT_OPTIMIZATION_LEVEL = "-Onone";
			};
			name = Debug;
		};
		D26E3E0F1E717B5600FB720E /* Release */ = {
			isa = XCBuildConfiguration;
			buildSettings = {
				ALWAYS_SEARCH_USER_PATHS = NO;
				CLANG_ANALYZER_NONNULL = YES;
				CLANG_CXX_LANGUAGE_STANDARD = "gnu++0x";
				CLANG_CXX_LIBRARY = "libc++";
				CLANG_ENABLE_MODULES = YES;
				CLANG_ENABLE_OBJC_ARC = YES;
				CLANG_WARN_BOOL_CONVERSION = YES;
				CLANG_WARN_CONSTANT_CONVERSION = YES;
				CLANG_WARN_DIRECT_OBJC_ISA_USAGE = YES_ERROR;
				CLANG_WARN_DOCUMENTATION_COMMENTS = YES;
				CLANG_WARN_EMPTY_BODY = YES;
				CLANG_WARN_ENUM_CONVERSION = YES;
				CLANG_WARN_INFINITE_RECURSION = YES;
				CLANG_WARN_INT_CONVERSION = YES;
				CLANG_WARN_OBJC_ROOT_CLASS = YES_ERROR;
				CLANG_WARN_SUSPICIOUS_MOVE = YES;
				CLANG_WARN_UNREACHABLE_CODE = YES;
				CLANG_WARN__DUPLICATE_METHOD_MATCH = YES;
				"CODE_SIGN_IDENTITY[sdk=iphoneos*]" = "iPhone Developer";
				COPY_PHASE_STRIP = NO;
				DEBUG_ACTIVITY_MODE = "";
				DEBUG_INFORMATION_FORMAT = "dwarf-with-dsym";
				ENABLE_NS_ASSERTIONS = NO;
				ENABLE_STRICT_OBJC_MSGSEND = YES;
				GCC_C_LANGUAGE_STANDARD = gnu99;
				GCC_NO_COMMON_BLOCKS = YES;
				GCC_WARN_64_TO_32_BIT_CONVERSION = YES;
				GCC_WARN_ABOUT_RETURN_TYPE = YES_ERROR;
				GCC_WARN_UNDECLARED_SELECTOR = YES;
				GCC_WARN_UNINITIALIZED_AUTOS = YES_AGGRESSIVE;
				GCC_WARN_UNUSED_FUNCTION = YES;
				GCC_WARN_UNUSED_VARIABLE = YES;
				IPHONEOS_DEPLOYMENT_TARGET = 10.2;
				MTL_ENABLE_DEBUG_INFO = NO;
				SDKROOT = iphoneos;
				SWIFT_OPTIMIZATION_LEVEL = "-Owholemodule";
				VALIDATE_PRODUCT = YES;
			};
			name = Release;
		};
		D26E3E111E717B5600FB720E /* Debug */ = {
			isa = XCBuildConfiguration;
			buildSettings = {
				ASSETCATALOG_COMPILER_APPICON_NAME = AppIcon;
				DEVELOPMENT_TEAM = 6A89Q2H25Z;
				INFOPLIST_FILE = KingsCup/Info.plist;
				LD_RUNPATH_SEARCH_PATHS = "$(inherited) @executable_path/Frameworks";
				PRODUCT_BUNDLE_IDENTIFIER = com.scottcrocker.KingsCup;
				PRODUCT_NAME = "$(TARGET_NAME)";
				SWIFT_VERSION = 3.0;
			};
			name = Debug;
		};
		D26E3E121E717B5600FB720E /* Release */ = {
			isa = XCBuildConfiguration;
			buildSettings = {
				ASSETCATALOG_COMPILER_APPICON_NAME = AppIcon;
				DEVELOPMENT_TEAM = 6A89Q2H25Z;
				INFOPLIST_FILE = KingsCup/Info.plist;
				LD_RUNPATH_SEARCH_PATHS = "$(inherited) @executable_path/Frameworks";
				PRODUCT_BUNDLE_IDENTIFIER = com.scottcrocker.KingsCup;
				PRODUCT_NAME = "$(TARGET_NAME)";
				SWIFT_VERSION = 3.0;
			};
			name = Release;
		};
/* End XCBuildConfiguration section */

/* Begin XCConfigurationList section */
		D26E3DF31E717B5600FB720E /* Build configuration list for PBXProject "KingsCup" */ = {
			isa = XCConfigurationList;
			buildConfigurations = (
				D26E3E0E1E717B5600FB720E /* Debug */,
				D26E3E0F1E717B5600FB720E /* Release */,
			);
			defaultConfigurationIsVisible = 0;
			defaultConfigurationName = Release;
		};
		D26E3E101E717B5600FB720E /* Build configuration list for PBXNativeTarget "KingsCup" */ = {
			isa = XCConfigurationList;
			buildConfigurations = (
				D26E3E111E717B5600FB720E /* Debug */,
				D26E3E121E717B5600FB720E /* Release */,
			);
			defaultConfigurationIsVisible = 0;
			defaultConfigurationName = Release;
		};
/* End XCConfigurationList section */
	};
	rootObject = D26E3DF01E717B5600FB720E /* Project object */;
}
